
Microsoft Visual Studio Solution File, Format Version 12.00
# Visual Studio Version 17
VisualStudioVersion = 17.13.35931.197 d17.13
MinimumVisualStudioVersion = 10.0.40219.1
Project("{FAE04EC0-301F-11D3-BF4B-00C04F79EFBC}") = "gcviewer", "gcviewer.csproj", "{09D33B47-4E7D-46E7-9FD9-5CB84AE242CF}"
EndProject
Global
	GlobalSection(SolutionConfigurationPlatforms) = preSolution
		Debug|Any CPU = Debug|Any CPU
		Release|Any CPU = Release|Any CPU
	EndGlobalSection
	GlobalSection(ProjectConfigurationPlatforms) = postSolution
		{09D33B47-4E7D-46E7-9FD9-5CB84AE242CF}.Debug|Any CPU.ActiveCfg = Release|Any CPU
		{09D33B47-4E7D-46E7-9FD9-5CB84AE242CF}.Debug|Any CPU.Build.0 = Release|Any CPU
		{09D33B47-4E7D-46E7-9FD9-5CB84AE242CF}.Release|Any CPU.ActiveCfg = Release|Any CPU
		{09D33B47-4E7D-46E7-9FD9-5CB84AE242CF}.Release|Any CPU.Build.0 = Release|Any CPU
	EndGlobalSection
	GlobalSection(SolutionProperties) = preSolution
		HideSolutionNode = FALSE
	EndGlobalSection
	GlobalSection(ExtensibilityGlobals) = postSolution
		SolutionGuid = {7B3F01B0-F54A-4512-92A3-4DB0F27CB1CD}
	EndGlobalSection
EndGlobal
